
Microsoft Visual Studio Solution File, Format Version 12.00
# Visual Studio Version 16
VisualStudioVersion = 16.0.29001.49
MinimumVisualStudioVersion = 10.0.40219.1
Project("{9A19103F-16F7-4668-BE54-9A1E7A4F7556}") = "Jiepei.ERP.Domain", "src\Jiepei.ERP.Domain\Jiepei.ERP.Domain.csproj", "{554AD327-6DBA-4F8F-96F8-81CE7A0C863F}"
EndProject
Project("{9A19103F-16F7-4668-BE54-9A1E7A4F7556}") = "Jiepei.ERP.EntityFrameworkCore", "src\Jiepei.ERP.EntityFrameworkCore\Jiepei.ERP.EntityFrameworkCore.csproj", "{C956DD76-69C8-4A9C-83EA-D17DF83340FD}"
EndProject
Project("{2150E333-8FDC-42A3-9474-1A3956D46DE8}") = "src", "src", "{CA9AC87F-097E-4F15-8393-4BC07735A5B0}"
EndProject
Project("{2150E333-8FDC-42A3-9474-1A3956D46DE8}") = "test", "test", "{04DBDB01-70F4-4E06-B468-8F87850B22BE}"
EndProject
Project("{9A19103F-16F7-4668-BE54-9A1E7A4F7556}") = "Jiepei.ERP.Application.Tests", "test\Jiepei.ERP.Application.Tests\Jiepei.ERP.Application.Tests.csproj", "{50B2631D-129C-47B3-A587-029CCD6099BC}"
EndProject
Project("{9A19103F-16F7-4668-BE54-9A1E7A4F7556}") = "Jiepei.ERP.EntityFrameworkCore.DbMigrations", "src\Jiepei.ERP.EntityFrameworkCore.DbMigrations\Jiepei.ERP.EntityFrameworkCore.DbMigrations.csproj", "{688D97E1-E870-4CAB-92CB-EBDC686F1524}"
EndProject
Project("{9A19103F-16F7-4668-BE54-9A1E7A4F7556}") = "Jiepei.ERP.Domain.Shared", "src\Jiepei.ERP.Domain.Shared\Jiepei.ERP.Domain.Shared.csproj", "{42F719ED-8413-4895-B5B4-5AB56079BC66}"
EndProject
Project("{9A19103F-16F7-4668-BE54-9A1E7A4F7556}") = "Jiepei.ERP.IdentityServer", "src\Jiepei.ERP.IdentityServer\Jiepei.ERP.IdentityServer.csproj", "{073C361E-B8F4-49F5-93CC-72A3FF49C026}"
EndProject
Project("{9A19103F-16F7-4668-BE54-9A1E7A4F7556}") = "Jiepei.ERP.EntityFrameworkCore.Tests", "test\Jiepei.ERP.EntityFrameworkCore.Tests\Jiepei.ERP.EntityFrameworkCore.Tests.csproj", "{1FE30EB9-74A9-47F5-A9F6-7B1FAB672D81}"
EndProject
Project("{9A19103F-16F7-4668-BE54-9A1E7A4F7556}") = "Jiepei.ERP.TestBase", "test\Jiepei.ERP.TestBase\Jiepei.ERP.TestBase.csproj", "{91853F21-9CD9-4132-BC29-A7D5D84FFFE7}"
EndProject
Project("{9A19103F-16F7-4668-BE54-9A1E7A4F7556}") = "Jiepei.ERP.Domain.Tests", "test\Jiepei.ERP.Domain.Tests\Jiepei.ERP.Domain.Tests.csproj", "{E512F4D9-9375-480F-A2F6-A46509F9D824}"
EndProject
Project("{9A19103F-16F7-4668-BE54-9A1E7A4F7556}") = "Jiepei.ERP.HttpApi.Client.ConsoleTestApp", "test\Jiepei.ERP.HttpApi.Client.ConsoleTestApp\Jiepei.ERP.HttpApi.Client.ConsoleTestApp.csproj", "{EF480016-9127-4916-8735-D2466BDBC582}"
EndProject
Project("{9A19103F-16F7-4668-BE54-9A1E7A4F7556}") = "Jiepei.ERP.DbMigrator", "src\Jiepei.ERP.DbMigrator\Jiepei.ERP.DbMigrator.csproj", "{70680696-BB1E-4383-BCB2-42C3767171FB}"
EndProject
Project("{2150E333-8FDC-42A3-9474-1A3956D46DE8}") = "Client", "Client", "{0355C413-CBA1-4E9B-9E5C-23CDEFD7558D}"
EndProject
Project("{2150E333-8FDC-42A3-9474-1A3956D46DE8}") = "Admin", "Admin", "{45C80494-47D9-461E-932C-4C9BDB11DC8C}"
EndProject
Project("{9A19103F-16F7-4668-BE54-9A1E7A4F7556}") = "Jiepei.ERP.Admin.Application", "src\Jiepei.ERP.Admin.Application\Jiepei.ERP.Admin.Application.csproj", "{74AD9307-F3BD-4CC8-BA2E-F85299819027}"
EndProject
Project("{9A19103F-16F7-4668-BE54-9A1E7A4F7556}") = "Jiepei.ERP.Admin.Application.Contracts", "src\Jiepei.ERP.Admin.Application.Contracts\Jiepei.ERP.Admin.Application.Contracts.csproj", "{6A936190-0A7C-493B-A1EB-D1077A1E1FDC}"
EndProject
Project("{9A19103F-16F7-4668-BE54-9A1E7A4F7556}") = "Jiepei.ERP.Admin.HttpApi", "src\Jiepei.ERP.Admin.HttpApi\Jiepei.ERP.Admin.HttpApi.csproj", "{52870E2A-5117-4853-9484-EF09F967290B}"
EndProject
Project("{9A19103F-16F7-4668-BE54-9A1E7A4F7556}") = "Jiepei.ERP.Admin.HttpApi.Client", "src\Jiepei.ERP.Admin.HttpApi.Client\Jiepei.ERP.Admin.HttpApi.Client.csproj", "{19EC380F-6FC9-437B-8357-E3D0895A3E70}"
EndProject
Project("{9A19103F-16F7-4668-BE54-9A1E7A4F7556}") = "Jiepei.ERP.Admin.HttpApi.Host", "src\Jiepei.ERP.Admin.HttpApi.Host\Jiepei.ERP.Admin.HttpApi.Host.csproj", "{0176745B-D412-434A-9270-4DA0BEBC58C7}"
EndProject
Project("{9A19103F-16F7-4668-BE54-9A1E7A4F7556}") = "Jiepei.ERP.HttpApi", "src\Jiepei.ERP.HttpApi\Jiepei.ERP.HttpApi.csproj", "{16D97F48-BC44-4357-881B-26F08EFA9488}"
EndProject
Project("{9A19103F-16F7-4668-BE54-9A1E7A4F7556}") = "Jiepei.ERP.HttpApi.Host", "src\Jiepei.ERP.HttpApi.Host\Jiepei.ERP.HttpApi.Host.csproj", "{51929A9D-2224-4034-904B-AFD4F49C9BC2}"
EndProject
Project("{9A19103F-16F7-4668-BE54-9A1E7A4F7556}") = "Jiepei.ERP.HttpApi.Client", "src\Jiepei.ERP.HttpApi.Client\Jiepei.ERP.HttpApi.Client.csproj", "{C681B4BF-2B7C-41C4-A06D-4D148896D9C4}"
EndProject
Project("{9A19103F-16F7-4668-BE54-9A1E7A4F7556}") = "Jiepei.ERP.Application", "src\Jiepei.ERP.Application\Jiepei.ERP.Application.csproj", "{C235BAE9-4AE6-47FA-9F4F-B030FE4B3A6A}"
EndProject
Project("{9A19103F-16F7-4668-BE54-9A1E7A4F7556}") = "Jiepei.ERP.Application.Contracts", "src\Jiepei.ERP.Application.Contracts\Jiepei.ERP.Application.Contracts.csproj", "{D0DB6C3B-7099-4132-9BBC-D2056137C919}"
EndProject
Global
	GlobalSection(SolutionConfigurationPlatforms) = preSolution
		Debug|Any CPU = Debug|Any CPU
		Release|Any CPU = Release|Any CPU
	EndGlobalSection
	GlobalSection(ProjectConfigurationPlatforms) = postSolution
		{554AD327-6DBA-4F8F-96F8-81CE7A0C863F}.Debug|Any CPU.ActiveCfg = Debug|Any CPU
		{554AD327-6DBA-4F8F-96F8-81CE7A0C863F}.Debug|Any CPU.Build.0 = Debug|Any CPU
		{554AD327-6DBA-4F8F-96F8-81CE7A0C863F}.Release|Any CPU.ActiveCfg = Release|Any CPU
		{554AD327-6DBA-4F8F-96F8-81CE7A0C863F}.Release|Any CPU.Build.0 = Release|Any CPU
		{C956DD76-69C8-4A9C-83EA-D17DF83340FD}.Debug|Any CPU.ActiveCfg = Debug|Any CPU
		{C956DD76-69C8-4A9C-83EA-D17DF83340FD}.Debug|Any CPU.Build.0 = Debug|Any CPU
		{C956DD76-69C8-4A9C-83EA-D17DF83340FD}.Release|Any CPU.ActiveCfg = Release|Any CPU
		{C956DD76-69C8-4A9C-83EA-D17DF83340FD}.Release|Any CPU.Build.0 = Release|Any CPU
		{50B2631D-129C-47B3-A587-029CCD6099BC}.Debug|Any CPU.ActiveCfg = Debug|Any CPU
		{50B2631D-129C-47B3-A587-029CCD6099BC}.Debug|Any CPU.Build.0 = Debug|Any CPU
		{50B2631D-129C-47B3-A587-029CCD6099BC}.Release|Any CPU.ActiveCfg = Release|Any CPU
		{50B2631D-129C-47B3-A587-029CCD6099BC}.Release|Any CPU.Build.0 = Release|Any CPU
		{688D97E1-E870-4CAB-92CB-EBDC686F1524}.Debug|Any CPU.ActiveCfg = Debug|Any CPU
		{688D97E1-E870-4CAB-92CB-EBDC686F1524}.Debug|Any CPU.Build.0 = Debug|Any CPU
		{688D97E1-E870-4CAB-92CB-EBDC686F1524}.Release|Any CPU.ActiveCfg = Release|Any CPU
		{688D97E1-E870-4CAB-92CB-EBDC686F1524}.Release|Any CPU.Build.0 = Release|Any CPU
		{42F719ED-8413-4895-B5B4-5AB56079BC66}.Debug|Any CPU.ActiveCfg = Debug|Any CPU
		{42F719ED-8413-4895-B5B4-5AB56079BC66}.Debug|Any CPU.Build.0 = Debug|Any CPU
		{42F719ED-8413-4895-B5B4-5AB56079BC66}.Release|Any CPU.ActiveCfg = Release|Any CPU
		{42F719ED-8413-4895-B5B4-5AB56079BC66}.Release|Any CPU.Build.0 = Release|Any CPU
		{073C361E-B8F4-49F5-93CC-72A3FF49C026}.Debug|Any CPU.ActiveCfg = Debug|Any CPU
		{073C361E-B8F4-49F5-93CC-72A3FF49C026}.Debug|Any CPU.Build.0 = Debug|Any CPU
		{073C361E-B8F4-49F5-93CC-72A3FF49C026}.Release|Any CPU.ActiveCfg = Release|Any CPU
		{073C361E-B8F4-49F5-93CC-72A3FF49C026}.Release|Any CPU.Build.0 = Release|Any CPU
		{1FE30EB9-74A9-47F5-A9F6-7B1FAB672D81}.Debug|Any CPU.ActiveCfg = Debug|Any CPU
		{1FE30EB9-74A9-47F5-A9F6-7B1FAB672D81}.Debug|Any CPU.Build.0 = Debug|Any CPU
		{1FE30EB9-74A9-47F5-A9F6-7B1FAB672D81}.Release|Any CPU.ActiveCfg = Release|Any CPU
		{1FE30EB9-74A9-47F5-A9F6-7B1FAB672D81}.Release|Any CPU.Build.0 = Release|Any CPU
		{91853F21-9CD9-4132-BC29-A7D5D84FFFE7}.Debug|Any CPU.ActiveCfg = Debug|Any CPU
		{91853F21-9CD9-4132-BC29-A7D5D84FFFE7}.Debug|Any CPU.Build.0 = Debug|Any CPU
		{91853F21-9CD9-4132-BC29-A7D5D84FFFE7}.Release|Any CPU.ActiveCfg = Release|Any CPU
		{91853F21-9CD9-4132-BC29-A7D5D84FFFE7}.Release|Any CPU.Build.0 = Release|Any CPU
		{E512F4D9-9375-480F-A2F6-A46509F9D824}.Debug|Any CPU.ActiveCfg = Debug|Any CPU
		{E512F4D9-9375-480F-A2F6-A46509F9D824}.Debug|Any CPU.Build.0 = Debug|Any CPU
		{E512F4D9-9375-480F-A2F6-A46509F9D824}.Release|Any CPU.ActiveCfg = Release|Any CPU
		{E512F4D9-9375-480F-A2F6-A46509F9D824}.Release|Any CPU.Build.0 = Release|Any CPU
		{EF480016-9127-4916-8735-D2466BDBC582}.Debug|Any CPU.ActiveCfg = Debug|Any CPU
		{EF480016-9127-4916-8735-D2466BDBC582}.Debug|Any CPU.Build.0 = Debug|Any CPU
		{EF480016-9127-4916-8735-D2466BDBC582}.Release|Any CPU.ActiveCfg = Release|Any CPU
		{EF480016-9127-4916-8735-D2466BDBC582}.Release|Any CPU.Build.0 = Release|Any CPU
		{70680696-BB1E-4383-BCB2-42C3767171FB}.Debug|Any CPU.ActiveCfg = Debug|Any CPU
		{70680696-BB1E-4383-BCB2-42C3767171FB}.Debug|Any CPU.Build.0 = Debug|Any CPU
		{70680696-BB1E-4383-BCB2-42C3767171FB}.Release|Any CPU.ActiveCfg = Release|Any CPU
		{70680696-BB1E-4383-BCB2-42C3767171FB}.Release|Any CPU.Build.0 = Release|Any CPU
		{74AD9307-F3BD-4CC8-BA2E-F85299819027}.Debug|Any CPU.ActiveCfg = Debug|Any CPU
		{74AD9307-F3BD-4CC8-BA2E-F85299819027}.Debug|Any CPU.Build.0 = Debug|Any CPU
		{74AD9307-F3BD-4CC8-BA2E-F85299819027}.Release|Any CPU.ActiveCfg = Release|Any CPU
		{74AD9307-F3BD-4CC8-BA2E-F85299819027}.Release|Any CPU.Build.0 = Release|Any CPU
		{6A936190-0A7C-493B-A1EB-D1077A1E1FDC}.Debug|Any CPU.ActiveCfg = Debug|Any CPU
		{6A936190-0A7C-493B-A1EB-D1077A1E1FDC}.Debug|Any CPU.Build.0 = Debug|Any CPU
		{6A936190-0A7C-493B-A1EB-D1077A1E1FDC}.Release|Any CPU.ActiveCfg = Release|Any CPU
		{6A936190-0A7C-493B-A1EB-D1077A1E1FDC}.Release|Any CPU.Build.0 = Release|Any CPU
		{52870E2A-5117-4853-9484-EF09F967290B}.Debug|Any CPU.ActiveCfg = Debug|Any CPU
		{52870E2A-5117-4853-9484-EF09F967290B}.Debug|Any CPU.Build.0 = Debug|Any CPU
		{52870E2A-5117-4853-9484-EF09F967290B}.Release|Any CPU.ActiveCfg = Release|Any CPU
		{52870E2A-5117-4853-9484-EF09F967290B}.Release|Any CPU.Build.0 = Release|Any CPU
		{19EC380F-6FC9-437B-8357-E3D0895A3E70}.Debug|Any CPU.ActiveCfg = Debug|Any CPU
		{19EC380F-6FC9-437B-8357-E3D0895A3E70}.Debug|Any CPU.Build.0 = Debug|Any CPU
		{19EC380F-6FC9-437B-8357-E3D0895A3E70}.Release|Any CPU.ActiveCfg = Release|Any CPU
		{19EC380F-6FC9-437B-8357-E3D0895A3E70}.Release|Any CPU.Build.0 = Release|Any CPU
		{0176745B-D412-434A-9270-4DA0BEBC58C7}.Debug|Any CPU.ActiveCfg = Debug|Any CPU
		{0176745B-D412-434A-9270-4DA0BEBC58C7}.Debug|Any CPU.Build.0 = Debug|Any CPU
		{0176745B-D412-434A-9270-4DA0BEBC58C7}.Release|Any CPU.ActiveCfg = Release|Any CPU
		{0176745B-D412-434A-9270-4DA0BEBC58C7}.Release|Any CPU.Build.0 = Release|Any CPU
		{16D97F48-BC44-4357-881B-26F08EFA9488}.Debug|Any CPU.ActiveCfg = Debug|Any CPU
		{16D97F48-BC44-4357-881B-26F08EFA9488}.Debug|Any CPU.Build.0 = Debug|Any CPU
		{16D97F48-BC44-4357-881B-26F08EFA9488}.Release|Any CPU.ActiveCfg = Release|Any CPU
		{16D97F48-BC44-4357-881B-26F08EFA9488}.Release|Any CPU.Build.0 = Release|Any CPU
		{51929A9D-2224-4034-904B-AFD4F49C9BC2}.Debug|Any CPU.ActiveCfg = Debug|Any CPU
		{51929A9D-2224-4034-904B-AFD4F49C9BC2}.Debug|Any CPU.Build.0 = Debug|Any CPU
		{51929A9D-2224-4034-904B-AFD4F49C9BC2}.Release|Any CPU.ActiveCfg = Release|Any CPU
		{51929A9D-2224-4034-904B-AFD4F49C9BC2}.Release|Any CPU.Build.0 = Release|Any CPU
		{C681B4BF-2B7C-41C4-A06D-4D148896D9C4}.Debug|Any CPU.ActiveCfg = Debug|Any CPU
		{C681B4BF-2B7C-41C4-A06D-4D148896D9C4}.Debug|Any CPU.Build.0 = Debug|Any CPU
		{C681B4BF-2B7C-41C4-A06D-4D148896D9C4}.Release|Any CPU.ActiveCfg = Release|Any CPU
		{C681B4BF-2B7C-41C4-A06D-4D148896D9C4}.Release|Any CPU.Build.0 = Release|Any CPU
		{C235BAE9-4AE6-47FA-9F4F-B030FE4B3A6A}.Debug|Any CPU.ActiveCfg = Debug|Any CPU
		{C235BAE9-4AE6-47FA-9F4F-B030FE4B3A6A}.Debug|Any CPU.Build.0 = Debug|Any CPU
		{C235BAE9-4AE6-47FA-9F4F-B030FE4B3A6A}.Release|Any CPU.ActiveCfg = Release|Any CPU
		{C235BAE9-4AE6-47FA-9F4F-B030FE4B3A6A}.Release|Any CPU.Build.0 = Release|Any CPU
		{D0DB6C3B-7099-4132-9BBC-D2056137C919}.Debug|Any CPU.ActiveCfg = Debug|Any CPU
		{D0DB6C3B-7099-4132-9BBC-D2056137C919}.Debug|Any CPU.Build.0 = Debug|Any CPU
		{D0DB6C3B-7099-4132-9BBC-D2056137C919}.Release|Any CPU.ActiveCfg = Release|Any CPU
		{D0DB6C3B-7099-4132-9BBC-D2056137C919}.Release|Any CPU.Build.0 = Release|Any CPU
	EndGlobalSection
	GlobalSection(SolutionProperties) = preSolution
		HideSolutionNode = FALSE
	EndGlobalSection
	GlobalSection(NestedProjects) = preSolution
		{554AD327-6DBA-4F8F-96F8-81CE7A0C863F} = {CA9AC87F-097E-4F15-8393-4BC07735A5B0}
		{C956DD76-69C8-4A9C-83EA-D17DF83340FD} = {CA9AC87F-097E-4F15-8393-4BC07735A5B0}
		{50B2631D-129C-47B3-A587-029CCD6099BC} = {04DBDB01-70F4-4E06-B468-8F87850B22BE}
		{688D97E1-E870-4CAB-92CB-EBDC686F1524} = {CA9AC87F-097E-4F15-8393-4BC07735A5B0}
		{42F719ED-8413-4895-B5B4-5AB56079BC66} = {CA9AC87F-097E-4F15-8393-4BC07735A5B0}
		{073C361E-B8F4-49F5-93CC-72A3FF49C026} = {45C80494-47D9-461E-932C-4C9BDB11DC8C}
		{1FE30EB9-74A9-47F5-A9F6-7B1FAB672D81} = {04DBDB01-70F4-4E06-B468-8F87850B22BE}
		{91853F21-9CD9-4132-BC29-A7D5D84FFFE7} = {04DBDB01-70F4-4E06-B468-8F87850B22BE}
		{E512F4D9-9375-480F-A2F6-A46509F9D824} = {04DBDB01-70F4-4E06-B468-8F87850B22BE}
		{EF480016-9127-4916-8735-D2466BDBC582} = {04DBDB01-70F4-4E06-B468-8F87850B22BE}
		{70680696-BB1E-4383-BCB2-42C3767171FB} = {CA9AC87F-097E-4F15-8393-4BC07735A5B0}
		{0355C413-CBA1-4E9B-9E5C-23CDEFD7558D} = {CA9AC87F-097E-4F15-8393-4BC07735A5B0}
		{45C80494-47D9-461E-932C-4C9BDB11DC8C} = {CA9AC87F-097E-4F15-8393-4BC07735A5B0}
		{74AD9307-F3BD-4CC8-BA2E-F85299819027} = {45C80494-47D9-461E-932C-4C9BDB11DC8C}
		{6A936190-0A7C-493B-A1EB-D1077A1E1FDC} = {45C80494-47D9-461E-932C-4C9BDB11DC8C}
		{52870E2A-5117-4853-9484-EF09F967290B} = {45C80494-47D9-461E-932C-4C9BDB11DC8C}
		{19EC380F-6FC9-437B-8357-E3D0895A3E70} = {45C80494-47D9-461E-932C-4C9BDB11DC8C}
		{0176745B-D412-434A-9270-4DA0BEBC58C7} = {45C80494-47D9-461E-932C-4C9BDB11DC8C}
		{16D97F48-BC44-4357-881B-26F08EFA9488} = {0355C413-CBA1-4E9B-9E5C-23CDEFD7558D}
		{51929A9D-2224-4034-904B-AFD4F49C9BC2} = {0355C413-CBA1-4E9B-9E5C-23CDEFD7558D}
		{C681B4BF-2B7C-41C4-A06D-4D148896D9C4} = {0355C413-CBA1-4E9B-9E5C-23CDEFD7558D}
		{C235BAE9-4AE6-47FA-9F4F-B030FE4B3A6A} = {0355C413-CBA1-4E9B-9E5C-23CDEFD7558D}
		{D0DB6C3B-7099-4132-9BBC-D2056137C919} = {0355C413-CBA1-4E9B-9E5C-23CDEFD7558D}
	EndGlobalSection
	GlobalSection(ExtensibilityGlobals) = postSolution
		SolutionGuid = {02AE5784-383F-6FE9-3616-FECF1B9BF0AF}
	EndGlobalSection
EndGlobal
